
Microsoft Visual Studio Solution File, Format Version 12.00
# Visual Studio Version 16
VisualStudioVersion = 16.0.29911.84
MinimumVisualStudioVersion = 10.0.40219.1
Project("{FAE04EC0-301F-11D3-BF4B-00C04F79EFBC}") = "Калькулятор", "Калькулятор.csproj", "{CE3E0C39-CFBD-4CBE-AC5C-BB54183A6830}"
EndProject
Global
	GlobalSection(SolutionConfigurationPlatforms) = preSolution
		Debug|Any CPU = Debug|Any CPU
		Release|Any CPU = Release|Any CPU
	EndGlobalSection
	GlobalSection(ProjectConfigurationPlatforms) = postSolution
		{CE3E0C39-CFBD-4CBE-AC5C-BB54183A6830}.Debug|Any CPU.ActiveCfg = Debug|Any CPU
		{CE3E0C39-CFBD-4CBE-AC5C-BB54183A6830}.Debug|Any CPU.Build.0 = Debug|Any CPU
		{CE3E0C39-CFBD-4CBE-AC5C-BB54183A6830}.Release|Any CPU.ActiveCfg = Release|Any CPU
		{CE3E0C39-CFBD-4CBE-AC5C-BB54183A6830}.Release|Any CPU.Build.0 = Release|Any CPU
	EndGlobalSection
	GlobalSection(SolutionProperties) = preSolution
		HideSolutionNode = FALSE
	EndGlobalSection
	GlobalSection(ExtensibilityGlobals) = postSolution
		SolutionGuid = {27034166-95BB-4EA3-A1CC-8C4951CBC7C5}
	EndGlobalSection
EndGlobal
